
Microsoft Visual Studio Solution File, Format Version 12.00
# Visual Studio Version 16
VisualStudioVersion = 16.0.31129.286
MinimumVisualStudioVersion = 10.0.40219.1
Project("{FAE04EC0-301F-11D3-BF4B-00C04F79EFBC}") = "FingersApp", "FingersApp.csproj", "{33693EFB-6ED3-46AF-9C2C-0555CDDC9C9B}"
EndProject
Global
	GlobalSection(SolutionConfigurationPlatforms) = preSolution
		Debug|Any CPU = Debug|Any CPU
		Release|Any CPU = Release|Any CPU
	EndGlobalSection
	GlobalSection(ProjectConfigurationPlatforms) = postSolution
		{33693EFB-6ED3-46AF-9C2C-0555CDDC9C9B}.Debug|Any CPU.ActiveCfg = Debug|Any CPU
		{33693EFB-6ED3-46AF-9C2C-0555CDDC9C9B}.Debug|Any CPU.Build.0 = Debug|Any CPU
		{33693EFB-6ED3-46AF-9C2C-0555CDDC9C9B}.Release|Any CPU.ActiveCfg = Release|Any CPU
		{33693EFB-6ED3-46AF-9C2C-0555CDDC9C9B}.Release|Any CPU.Build.0 = Release|Any CPU
	EndGlobalSection
	GlobalSection(SolutionProperties) = preSolution
		HideSolutionNode = FALSE
	EndGlobalSection
	GlobalSection(ExtensibilityGlobals) = postSolution
		SolutionGuid = {AF6C3C13-3B2D-4F66-8078-8867613A3093}
	EndGlobalSection
EndGlobal
